Microsoft Visual Studio Solution File, Format Version 12.00
# Visual Studio Version 17
VisualStudioVersion = 17.5.2.0
MinimumVisualStudioVersion = 10.0.40219.1
Project("{FAE04EC0-301F-11D3-BF4B-00C04F79EFBC}") = "PlanbookAI.FileStorageService", "PlanbookAI.FileStorageService.csproj", "{EF7144E3-CD87-758B-2838-ED10A85DBF29}"
EndProject
Global
	GlobalSection(SolutionConfigurationPlatforms) = preSolution
		Debug|Any CPU = Debug|Any CPU
		Release|Any CPU = Release|Any CPU
	EndGlobalSection
	GlobalSection(ProjectConfigurationPlatforms) = postSolution
		{EF7144E3-CD87-758B-2838-ED10A85DBF29}.Debug|Any CPU.ActiveCfg = Debug|Any CPU
		{EF7144E3-CD87-758B-2838-ED10A85DBF29}.Debug|Any CPU.Build.0 = Debug|Any CPU
		{EF7144E3-CD87-758B-2838-ED10A85DBF29}.Release|Any CPU.ActiveCfg = Release|Any CPU
		{EF7144E3-CD87-758B-2838-ED10A85DBF29}.Release|Any CPU.Build.0 = Release|Any CPU
	EndGlobalSection
	GlobalSection(SolutionProperties) = preSolution
		HideSolutionNode = FALSE
	EndGlobalSection
	GlobalSection(ExtensibilityGlobals) = postSolution
		SolutionGuid = {52FBE3A7-3D4D-44E8-89DC-2B26794F9BC8}
	EndGlobalSection
EndGlobal
